
Microsoft Visual Studio Solution File, Format Version 12.00
# Visual Studio Version 16
VisualStudioVersion = 16.0.29503.13
MinimumVisualStudioVersion = 10.0.40219.1
Project("{FAE04EC0-301F-11D3-BF4B-00C04F79EFBC}") = "HereApiIntegration", "HereApiIntegration\HereApiIntegration.csproj", "{6826416C-5183-44C0-B195-FE748BF37AE6}"
EndProject
Project("{FAE04EC0-301F-11D3-BF4B-00C04F79EFBC}") = "HereApiIntegrationTests", "HereApiIntegrationTests\HereApiIntegrationTests.csproj", "{B1CBDCB1-B7EE-4877-B847-2964F2CDF2F1}"
EndProject
Global
	GlobalSection(SolutionConfigurationPlatforms) = preSolution
		Debug|Any CPU = Debug|Any CPU
		Release|Any CPU = Release|Any CPU
	EndGlobalSection
	GlobalSection(ProjectConfigurationPlatforms) = postSolution
		{6826416C-5183-44C0-B195-FE748BF37AE6}.Debug|Any CPU.ActiveCfg = Debug|Any CPU
		{6826416C-5183-44C0-B195-FE748BF37AE6}.Debug|Any CPU.Build.0 = Debug|Any CPU
		{6826416C-5183-44C0-B195-FE748BF37AE6}.Release|Any CPU.ActiveCfg = Release|Any CPU
		{6826416C-5183-44C0-B195-FE748BF37AE6}.Release|Any CPU.Build.0 = Release|Any CPU
		{B1CBDCB1-B7EE-4877-B847-2964F2CDF2F1}.Debug|Any CPU.ActiveCfg = Debug|Any CPU
		{B1CBDCB1-B7EE-4877-B847-2964F2CDF2F1}.Debug|Any CPU.Build.0 = Debug|Any CPU
		{B1CBDCB1-B7EE-4877-B847-2964F2CDF2F1}.Release|Any CPU.ActiveCfg = Release|Any CPU
		{B1CBDCB1-B7EE-4877-B847-2964F2CDF2F1}.Release|Any CPU.Build.0 = Release|Any CPU
	EndGlobalSection
	GlobalSection(SolutionProperties) = preSolution
		HideSolutionNode = FALSE
	EndGlobalSection
	GlobalSection(ExtensibilityGlobals) = postSolution
		SolutionGuid = {E7B34F6F-5A92-42C5-847B-03FBDB3D579A}
	EndGlobalSection
EndGlobal
